
Microsoft Visual Studio Solution File, Format Version 12.00
# Visual Studio Version 17
VisualStudioVersion = 17.7.34018.315
MinimumVisualStudioVersion = 10.0.40219.1
Project("{FAE04EC0-301F-11D3-BF4B-00C04F79EFBC}") = "PruebasKari", "PruebasKari\PruebasKari.csproj", "{2970DA14-A731-46B4-B3FC-0DB615A45185}"
EndProject
Global
	GlobalSection(SolutionConfigurationPlatforms) = preSolution
		Debug|Any CPU = Debug|Any CPU
		Release|Any CPU = Release|Any CPU
	EndGlobalSection
	GlobalSection(ProjectConfigurationPlatforms) = postSolution
		{2970DA14-A731-46B4-B3FC-0DB615A45185}.Debug|Any CPU.ActiveCfg = Debug|Any CPU
		{2970DA14-A731-46B4-B3FC-0DB615A45185}.Debug|Any CPU.Build.0 = Debug|Any CPU
		{2970DA14-A731-46B4-B3FC-0DB615A45185}.Release|Any CPU.ActiveCfg = Release|Any CPU
		{2970DA14-A731-46B4-B3FC-0DB615A45185}.Release|Any CPU.Build.0 = Release|Any CPU
	EndGlobalSection
	GlobalSection(SolutionProperties) = preSolution
		HideSolutionNode = FALSE
	EndGlobalSection
	GlobalSection(ExtensibilityGlobals) = postSolution
		SolutionGuid = {B42FEC88-4C8F-4203-87A0-8AC686EB8987}
	EndGlobalSection
EndGlobal
